
Microsoft Visual Studio Solution File, Format Version 12.00
Project("{FAE04EC0-301F-11D3-BF4B-00C04F79EFBC}") = "lab01", "lab01\lab01.csproj", "{8ECEEFD6-B499-429D-A917-2D0C6247366F}"
EndProject
Global
	GlobalSection(SolutionConfigurationPlatforms) = preSolution
		Debug|Any CPU = Debug|Any CPU
		Release|Any CPU = Release|Any CPU
	EndGlobalSection
	GlobalSection(ProjectConfigurationPlatforms) = postSolution
		{8ECEEFD6-B499-429D-A917-2D0C6247366F}.Debug|Any CPU.ActiveCfg = Debug|Any CPU
		{8ECEEFD6-B499-429D-A917-2D0C6247366F}.Debug|Any CPU.Build.0 = Debug|Any CPU
		{8ECEEFD6-B499-429D-A917-2D0C6247366F}.Release|Any CPU.ActiveCfg = Release|Any CPU
		{8ECEEFD6-B499-429D-A917-2D0C6247366F}.Release|Any CPU.Build.0 = Release|Any CPU
	EndGlobalSection
EndGlobal
